<?xml version="1.0" encoding="utf-8"?>
<Project ToolsVersion="4.0" xmlns="http://schemas.microsoft.com/developer/msbuild/2003">
  <ItemGroup>
    <Filter Include="源文件">
      <UniqueIdentifier>{4FC737F1-C7A5-4376-A066-2A32D752A2FF}</UniqueIdentifier>
      <Extensions>cpp;c;cc;cxx;def;odl;idl;hpj;bat;asm;asmx</Extensions>
    </Filter>
    <Filter Include="头文件">
      <UniqueIdentifier>{93995380-89BD-4b04-88EB-625FBE52EBFB}</UniqueIdentifier>
      <Extensions>h;hpp;hxx;hm;inl;inc;xsd</Extensions>
    </Filter>
    <Filter Include="资源文件">
      <UniqueIdentifier>{67DA6AB6-F800-4c08-8B7A-83BB121AAD01}</UniqueIdentifier>
      <Extensions>rc;ico;cur;bmp;dlg;rc2;rct;bin;rgs;gif;jpg;jpeg;jpe;resx;tiff;tif;png;wav</Extensions>
    </Filter>
  </ItemGroup>
  <ItemGroup>
    <ClCompile Include="DeviceManageSystem.cpp">
      <Filter>源文件</Filter>
    </ClCompile>
    <ClCompile Include="DeviceManageSystemDlg.cpp">
      <Filter>源文件</Filter>
    </ClCompile>
    <ClCompile Include="MyDialog.cpp">
      <Filter>源文件</Filter>
    </ClCompile>
    <ClCompile Include="stdafx.cpp">
      <Filter>源文件</Filter>
    </ClCompile>
    <ClCompile Include="MyLogin.cpp">
      <Filter>源文件</Filter>
    </ClCompile>
    <ClCompile Include="ClientSocket.cpp">
      <Filter>源文件</Filter>
    </ClCompile>
    <ClCompile Include="Message.cpp">
      <Filter>源文件</Filter>
    </ClCompile>
    <ClCompile Include="SetingAddrPort.cpp">
      <Filter>源文件</Filter>
    </ClCompile>
    <ClCompile Include="SavePasswd.cpp">
      <Filter>源文件</Filter>
    </ClCompile>
    <ClCompile Include="MyLoginResult.cpp">
      <Filter>源文件</Filter>
    </ClCompile>
    <ClCompile Include="RecvUserInfo.cpp">
      <Filter>源文件</Filter>
    </ClCompile>
    <ClCompile Include="ChangePasswd.cpp">
      <Filter>源文件</Filter>
    </ClCompile>
    <ClCompile Include="UserInfoMage.cpp">
      <Filter>源文件</Filter>
    </ClCompile>
  </ItemGroup>
  <ItemGroup>
    <ClInclude Include="DeviceManageSystem.h">
      <Filter>头文件</Filter>
    </ClInclude>
    <ClInclude Include="DeviceManageSystemDlg.h">
      <Filter>头文件</Filter>
    </ClInclude>
    <ClInclude Include="MyDialog.h">
      <Filter>头文件</Filter>
    </ClInclude>
    <ClInclude Include="Resource.h">
      <Filter>头文件</Filter>
    </ClInclude>
    <ClInclude Include="stdafx.h">
      <Filter>头文件</Filter>
    </ClInclude>
    <ClInclude Include="targetver.h">
      <Filter>头文件</Filter>
    </ClInclude>
    <ClInclude Include="MyLogin.h">
      <Filter>头文件</Filter>
    </ClInclude>
    <ClInclude Include="GConst.h">
      <Filter>头文件</Filter>
    </ClInclude>
    <ClInclude Include="ClientSocket.h">
      <Filter>头文件</Filter>
    </ClInclude>
    <ClInclude Include="Message.h">
      <Filter>头文件</Filter>
    </ClInclude>
    <ClInclude Include="SetingAddrPort.h">
      <Filter>头文件</Filter>
    </ClInclude>
    <ClInclude Include="SavePasswd.h">
      <Filter>头文件</Filter>
    </ClInclude>
    <ClInclude Include="MyLoginResult.h">
      <Filter>头文件</Filter>
    </ClInclude>
    <ClInclude Include="RecvUserInfo.h">
      <Filter>头文件</Filter>
    </ClInclude>
    <ClInclude Include="ChangePasswd.h">
      <Filter>头文件</Filter>
    </ClInclude>
    <ClInclude Include="UserInfoMage.h">
      <Filter>头文件</Filter>
    </ClInclude>
  </ItemGroup>
  <ItemGroup>
    <Image Include="res\DeviceManageSystem.ico">
      <Filter>资源文件</Filter>
    </Image>
    <Image Include="C:\Users\Administrator\Desktop\QQ截图20131229231605.bmp">
      <Filter>资源文件</Filter>
    </Image>
    <Image Include="C:\Users\Administrator\Desktop\QQ截图20131229231255.png">
      <Filter>资源文件</Filter>
    </Image>
    <Image Include="C:\Users\Administrator\Desktop\QQ截图20131229233733.bmp">
      <Filter>资源文件</Filter>
    </Image>
    <Image Include="C:\Users\Administrator\Desktop\www.ico.la_44_128X128_1388332233.ico">
      <Filter>资源文件</Filter>
    </Image>
    <Image Include="res\login.bmp">
      <Filter>资源文件</Filter>
    </Image>
    <Image Include="res\Main.ico">
      <Filter>资源文件</Filter>
    </Image>
    <Image Include="res\plus.ico">
      <Filter>资源文件</Filter>
    </Image>
    <Image Include="res\briefcase.ico">
      <Filter>资源文件</Filter>
    </Image>
  </ItemGroup>
  <ItemGroup>
    <ResourceCompile Include="DeviceManageSystem.rc">
      <Filter>资源文件</Filter>
    </ResourceCompile>
  </ItemGroup>
  <ItemGroup>
    <None Include="res\DeviceManageSystem.rc2">
      <Filter>资源文件</Filter>
    </None>
  </ItemGroup>
  <ItemGroup>
    <Text Include="ReadMe.txt" />
  </ItemGroup>
</Project>